<?xml version="1.0" encoding="UTF-8" standalone="yes" ?>
<CodeBlocks_project_file>
	<FileVersion major="1" minor="6" />
	<Project>
		<Option title="VZ Editor" />
		<Option pch_mode="2" />
		<Option compiler="gcc" />
		<Build>
			<Target title="Debug">
				<Option output="bin/Debug/VZ Editor" prefix_auto="1" extension_auto="1" />
				<Option object_output="obj/Debug/" />
				<Option type="0" />
				<Option compiler="gcc" />
				<Option projectLinkerOptionsRelation="2" />
				<Compiler>
					<Add option="-g" />
					<Add option="-D__WXDEBUG__" />
				</Compiler>
			</Target>
			<Target title="Release">
				<Option output="bin/Release/VZ Editor" prefix_auto="1" extension_auto="1" />
				<Option object_output="obj/Release/" />
				<Option type="0" />
				<Option compiler="gcc" />
				<Option projectLinkerOptionsRelation="2" />
				<Compiler>
					<Add option="-O2" />
				</Compiler>
				<Linker>
					<Add option="-s" />
				</Linker>
			</Target>
		</Build>
		<Compiler>
			<Add option="-Wall" />
			<Add option="`wx-config --cflags`" />
			<Add option="-DwxUSE_UNICODE" />
			<Add directory="include" />
			<Add directory="media" />
		</Compiler>
		<Linker>
			<Add option="`wx-config --libs`" />
			<Add library="portmidi" />
		</Linker>
		<Unit filename="include/envelope.h" />
		<Unit filename="include/keyboardoctave.h" />
		<Unit filename="include/keyfollow.h" />
		<Unit filename="include/portmidi.h" />
		<Unit filename="include/porttime.h" />
		<Unit filename="include/sortablelist.h" />
		<Unit filename="include/vzeditorapp.h" />
		<Unit filename="include/vzeditormain.h" />
		<Unit filename="include/vzlibrary.h" />
		<Unit filename="include/vzline.h" />
		<Unit filename="include/vzmodule.h" />
		<Unit filename="include/vzoperation.h" />
		<Unit filename="include/vzsave.h" />
		<Unit filename="include/vzsysex.h" />
		<Unit filename="include/vzvoice.h" />
		<Unit filename="include/wxMidi.h" />
		<Unit filename="resource.rc">
			<Option compilerVar="WINDRES" />
		</Unit>
		<Unit filename="src/envelope.cpp" />
		<Unit filename="src/keyboardoctave.cpp" />
		<Unit filename="src/keyfollow.cpp" />
		<Unit filename="src/sortablelist.cpp" />
		<Unit filename="src/vzeditorapp.cpp" />
		<Unit filename="src/vzeditormain.cpp" />
		<Unit filename="src/vzlibrary.cpp" />
		<Unit filename="src/vzline.cpp" />
		<Unit filename="src/vzmodule.cpp" />
		<Unit filename="src/vzoperation.cpp" />
		<Unit filename="src/vzsave.cpp" />
		<Unit filename="src/vzsysex.cpp" />
		<Unit filename="src/vzvoice.cpp" />
		<Unit filename="src/wxMidi.cpp" />
		<Unit filename="src/wxMidiDatabase.cpp" />
		<Unit filename="wxsmith/keyboardoctave.wxs" />
		<Unit filename="wxsmith/vzeditorframe.wxs" />
		<Unit filename="wxsmith/vzline.wxs" />
		<Unit filename="wxsmith/vzmodule.wxs" />
		<Extensions>
			<code_completion />
			<envvars />
			<debugger />
			<lib_finder disable_auto="1" />
			<wxsmith version="1">
				<gui name="wxWidgets" src="src/vzeditorapp.cpp" main="-- None --" init_handlers="necessary" language="CPP" />
				<resources>
					<wxFrame wxs="wxsmith/vzeditorframe.wxs" src="src/vzeditormain.cpp" hdr="include/vzeditormain.h" fwddecl="0" i18n="1" name="VZ_EditorFrame" language="CPP" />
					<wxPanel wxs="wxsmith/vzline.wxs" src="src/vzline.cpp" hdr="include/vzline.h" fwddecl="0" i18n="1" name="VZLine" language="CPP" />
					<wxPanel wxs="wxsmith/vzmodule.wxs" src="src/vzmodule.cpp" hdr="include/vzmodule.h" fwddecl="0" i18n="1" name="VZModule" language="CPP" />
					<wxPanel wxs="wxsmith/keyboardoctave.wxs" src="src/keyboardoctave.cpp" hdr="include/keyboardoctave.h" fwddecl="0" i18n="1" name="KeyboardOctave" language="CPP" />
				</resources>
			</wxsmith>
			<fortran_project />
		</Extensions>
	</Project>
</CodeBlocks_project_file>
