<?xml version="1.0" encoding="UTF-8" standalone="yes" ?>
<CodeBlocks_project_file>
	<FileVersion major="1" minor="6" />
	<Project>
		<Option title="VZ Editor" />
		<Option pch_mode="2" />
		<Option compiler="mingw_64" />
		<Build>
			<Target title="MSW Debug">
				<Option output="bin/Debug/VZ Editor" prefix_auto="1" extension_auto="1" />
				<Option object_output="obj/Debug/" />
				<Option type="0" />
				<Option compiler="mingw_64" />
				<Option projectLinkerOptionsRelation="2" />
				<Compiler>
					<Add option="-g" />
					<Add option="-D__WXDEBUG__" />
					<Add directory="$(#wx)/lib/gcc_dll/mswud" />
					<Add directory="include" />
				</Compiler>
				<ResourceCompiler>
					<Add directory="$(#wx)/lib/gcc_dll/mswud" />
				</ResourceCompiler>
				<Linker>
					<Add library="wxmsw31ud" />
					<Add directory="$(#wx)/lib/gcc_dll" />
				</Linker>
			</Target>
			<Target title="MSW Release">
				<Option output="bin/Release/VZ Editor" prefix_auto="1" extension_auto="1" />
				<Option object_output="obj/Release/" />
				<Option type="0" />
				<Option compiler="mingw_64" />
				<Option projectLinkerOptionsRelation="2" />
				<Compiler>
					<Add option="-O2" />
					<Add directory="$(#wx)/lib/gcc_dll/mswu" />
					<Add directory="include" />
				</Compiler>
				<ResourceCompiler>
					<Add directory="$(#wx)/lib/gcc_dll/mswu" />
				</ResourceCompiler>
				<Linker>
					<Add option="-s" />
					<Add library="wxmsw31u" />
					<Add directory="$(#wx)/lib/gcc_dll" />
				</Linker>
			</Target>
		</Build>
		<Compiler>
			<Add option="-Wall" />
			<Add option="-pipe" />
			<Add option="-mthreads" />
			<Add option="-D__GNUWIN32__" />
			<Add option="-D__WXMSW__" />
			<Add option="-DWXUSINGDLL" />
			<Add directory="include" />
			<Add directory="$(#wx)/include" />
			<Add directory="wxEnvelopeGraph/include" />
		</Compiler>
		<ResourceCompiler>
			<Add directory="$(#wx)/include" />
		</ResourceCompiler>
		<Linker>
			<Add option="-mthreads" />
			<Add library="winmm" />
		</Linker>
		<Unit filename="include/envelope.h" />
		<Unit filename="include/envelopeeditor.h" />
		<Unit filename="include/keyboard.h" />
		<Unit filename="include/keyfollow.h" />
		<Unit filename="include/pminternal.h" />
		<Unit filename="include/pmutil.h" />
		<Unit filename="include/pmwinmm.h" />
		<Unit filename="include/portmidi.h" />
		<Unit filename="include/porttime.h" />
		<Unit filename="include/sortablelist.h" />
		<Unit filename="include/vzeditorapp.h" />
		<Unit filename="include/vzeditormain.h" />
		<Unit filename="include/vzlibrary.h" />
		<Unit filename="include/vzline.h" />
		<Unit filename="include/vzmodule.h" />
		<Unit filename="include/vzoperation.h" />
		<Unit filename="include/vzsave.h" />
		<Unit filename="include/vzsysex.h" />
		<Unit filename="include/vzvoice.h" />
		<Unit filename="include/wxMidi.h" />
		<Unit filename="resource.rc">
			<Option compilerVar="WINDRES" />
		</Unit>
		<Unit filename="src/envelope.cpp" />
		<Unit filename="src/envelopeeditor.cpp" />
		<Unit filename="src/keyboard.cpp" />
		<Unit filename="src/keyfollow.cpp" />
		<Unit filename="src/pmutil.c">
			<Option compilerVar="CC" />
		</Unit>
		<Unit filename="src/pmwin.c">
			<Option compilerVar="CC" />
		</Unit>
		<Unit filename="src/pmwinmm.c">
			<Option compilerVar="CC" />
		</Unit>
		<Unit filename="src/portmidi.c">
			<Option compilerVar="CC" />
		</Unit>
		<Unit filename="src/ptwinmm.c">
			<Option compilerVar="CC" />
		</Unit>
		<Unit filename="src/sortablelist.cpp" />
		<Unit filename="src/vzeditorapp.cpp" />
		<Unit filename="src/vzeditormain.cpp" />
		<Unit filename="src/vzlibrary.cpp" />
		<Unit filename="src/vzline.cpp" />
		<Unit filename="src/vzmodule.cpp" />
		<Unit filename="src/vzoperation.cpp" />
		<Unit filename="src/vzsave.cpp" />
		<Unit filename="src/vzsysex.cpp" />
		<Unit filename="src/vzvoice.cpp" />
		<Unit filename="src/wxMidi.cpp" />
		<Unit filename="src/wxMidiDatabase.cpp" />
		<Unit filename="version.h" />
		<Unit filename="wxEnvelopeGraph/include/envelopegraph.h" />
		<Unit filename="wxEnvelopeGraph/src/envelopegraph.cpp" />
		<Unit filename="wxsmith/vzeditorframe.wxs" />
		<Unit filename="wxsmith/vzline.wxs" />
		<Unit filename="wxsmith/vzmodule.wxs" />
		<Extensions>
			<code_completion />
			<envvars />
			<debugger />
			<lib_finder disable_auto="1" />
			<wxsmith version="1">
				<gui name="wxWidgets" src="src/vzeditorapp.cpp" main="-- None --" init_handlers="necessary" language="CPP" />
				<resources>
					<wxFrame wxs="wxsmith/vzeditorframe.wxs" src="src/vzeditormain.cpp" hdr="include/vzeditormain.h" fwddecl="0" i18n="1" name="VZ_EditorFrame" language="CPP" />
					<wxPanel wxs="wxsmith/vzline.wxs" src="src/vzline.cpp" hdr="include/vzline.h" fwddecl="0" i18n="1" name="VZLine" language="CPP" />
					<wxPanel wxs="wxsmith/vzmodule.wxs" src="src/vzmodule.cpp" hdr="include/vzmodule.h" fwddecl="0" i18n="1" name="VZModule" language="CPP" />
				</resources>
			</wxsmith>
			<AutoVersioning>
				<Scheme minor_max="1" build_max="0" rev_max="0" rev_rand_max="1" build_times_to_increment_minor="1" />
				<Settings autoincrement="1" date_declarations="1" use_define="0" update_manifest="0" do_auto_increment="1" ask_to_increment="0" language="C++" svn="0" svn_directory="" header_path="version.h" />
				<Changes_Log show_changes_editor="0" app_title="released version %M.%m.%b of %p" changeslog_path="ChangesLog.txt" />
				<Code header_guard="VERSION_H" namespace="AutoVersion" prefix="" />
			</AutoVersioning>
		</Extensions>
	</Project>
</CodeBlocks_project_file>
